// !$*UTF8*$!
{
	archiveVersion = 1;
	classes = {
	};
	objectVersion = 46;
	objects = {

/* Begin PBXBuildFile section */
		2E66FC98190DFBCA00ECBBAD /* UIKit.framework in Frameworks */ = {isa = PBXBuildFile; fileRef = 2E66FC97190DFBCA00ECBBAD /* UIKit.framework */; };
		2E66FCA0190DFD0A00ECBBAD /* Cocoa.framework in Frameworks */ = {isa = PBXBuildFile; fileRef = 2E66FC9F190DFD0A00ECBBAD /* Cocoa.framework */; };
		2E66FCAA190DFD0A00ECBBAD /* InfoPlist.strings in Resources */ = {isa = PBXBuildFile; fileRef = 2E66FCA8190DFD0A00ECBBAD /* InfoPlist.strings */; };
		2E66FCB4190DFD0A00ECBBAD /* XCTest.framework in Frameworks */ = {isa = PBXBuildFile; fileRef = 2EFE2FC218E653C7003CBAFD /* XCTest.framework */; };
		2E66FCB5190DFD0A00ECBBAD /* Cocoa.framework in Frameworks */ = {isa = PBXBuildFile; fileRef = 2E66FC9F190DFD0A00ECBBAD /* Cocoa.framework */; };
		2E66FCB8190DFD0A00ECBBAD /* CGSubclassesX.framework in Frameworks */ = {isa = PBXBuildFile; fileRef = 2E66FC9E190DFD0A00ECBBAD /* CGSubclassesX.framework */; };
		2E66FCBE190DFD0A00ECBBAD /* InfoPlist.strings in Resources */ = {isa = PBXBuildFile; fileRef = 2E66FCBC190DFD0A00ECBBAD /* InfoPlist.strings */; };
		2E66FCC0190DFD0A00ECBBAD /* CGSubclassesXTests.m in Sources */ = {isa = PBXBuildFile; fileRef = 2E66FCBF190DFD0A00ECBBAD /* CGSubclassesXTests.m */; };
		2E66FCC9190DFE3A00ECBBAD /* CGSubclassesX.h in Headers */ = {isa = PBXBuildFile; fileRef = 2E66FCAC190DFD0A00ECBBAD /* CGSubclassesX.h */; settings = {ATTRIBUTES = (Public, ); }; };
		2E66FCCA190E028200ECBBAD /* NSMutableArray+GRID.m in Sources */ = {isa = PBXBuildFile; fileRef = 2EF5F282190DE465007D7291 /* NSMutableArray+GRID.m */; };
		2EF5F283190DE465007D7291 /* NSMutableArray+GRID.m in Sources */ = {isa = PBXBuildFile; fileRef = 2EF5F282190DE465007D7291 /* NSMutableArray+GRID.m */; };
		2EF5F2C8190DFA81007D7291 /* CGSubclasses.h in Headers */ = {isa = PBXBuildFile; fileRef = 2EFE2FB918E653C7003CBAFD /* CGSubclasses.h */; settings = {ATTRIBUTES = (Public, ); }; };
		2EFE2FB518E653C7003CBAFD /* Foundation.framework in Frameworks */ = {isa = PBXBuildFile; fileRef = 2EFE2FB418E653C7003CBAFD /* Foundation.framework */; };
		2EFE2FBA18E653C7003CBAFD /* CGSubclasses.h in CopyFiles */ = {isa = PBXBuildFile; fileRef = 2EFE2FB918E653C7003CBAFD /* CGSubclasses.h */; };
		2EFE2FC318E653C7003CBAFD /* XCTest.framework in Frameworks */ = {isa = PBXBuildFile; fileRef = 2EFE2FC218E653C7003CBAFD /* XCTest.framework */; };
		2EFE2FC418E653C7003CBAFD /* Foundation.framework in Frameworks */ = {isa = PBXBuildFile; fileRef = 2EFE2FB418E653C7003CBAFD /* Foundation.framework */; };
		2EFE2FC918E653C7003CBAFD /* libCGSubclasses.a in Frameworks */ = {isa = PBXBuildFile; fileRef = 2EFE2FB118E653C7003CBAFD /* libCGSubclasses.a */; };
		2EFE2FCF18E653C7003CBAFD /* InfoPlist.strings in Resources */ = {isa = PBXBuildFile; fileRef = 2EFE2FCD18E653C7003CBAFD /* InfoPlist.strings */; };
		2EFE2FD118E653C7003CBAFD /* CGSubclassesTests.m in Sources */ = {isa = PBXBuildFile; fileRef = 2EFE2FD018E653C7003CBAFD /* CGSubclassesTests.m */; };
		2EFE2FDE18E65428003CBAFD /* CGObject.m in Sources */ = {isa = PBXBuildFile; fileRef = 2EFE2FDB18E65428003CBAFD /* CGObject.m */; };
		2EFE2FDF18E65428003CBAFD /* CGViewController.m in Sources */ = {isa = PBXBuildFile; fileRef = 2EFE2FDD18E65428003CBAFD /* CGViewController.m */; };
/* End PBXBuildFile section */

/* Begin PBXContainerItemProxy section */
		2E66FCB6190DFD0A00ECBBAD /* PBXContainerItemProxy */ = {
			isa = PBXContainerItemProxy;
			containerPortal = 2EFE2FA918E653C7003CBAFD /* Project object */;
			proxyType = 1;
			remoteGlobalIDString = 2E66FC9D190DFD0A00ECBBAD;
			remoteInfo = CGSubclassesX;
		};
		2EFE2FC718E653C7003CBAFD /* PBXContainerItemProxy */ = {
			isa = PBXContainerItemProxy;
			containerPortal = 2EFE2FA918E653C7003CBAFD /* Project object */;
			proxyType = 1;
			remoteGlobalIDString = 2EFE2FB018E653C7003CBAFD;
			remoteInfo = CGSubclasses;
		};
/* End PBXContainerItemProxy section */

/* Begin PBXCopyFilesBuildPhase section */
		2EFE2FAF18E653C7003CBAFD /* CopyFiles */ = {
			isa = PBXCopyFilesBuildPhase;
			buildActionMask = 2147483647;
			dstPath = "include/$(PRODUCT_NAME)";
			dstSubfolderSpec = 16;
			files = (
				2EFE2FBA18E653C7003CBAFD /* CGSubclasses.h in CopyFiles */,
			);
			runOnlyForDeploymentPostprocessing = 0;
		};
/* End PBXCopyFilesBuildPhase section */

/* Begin PBXFileReference section */
		2E66FC97190DFBCA00ECBBAD /* UIKit.framework */ = {isa = PBXFileReference; lastKnownFileType = wrapper.framework; name = UIKit.framework; path = System/Library/Frameworks/UIKit.framework; sourceTree = SDKROOT; };
		2E66FC9E190DFD0A00ECBBAD /* CGSubclassesX.framework */ = {isa = PBXFileReference; explicitFileType = wrapper.framework; includeInIndex = 0; path = CGSubclassesX.framework; sourceTree = BUILT_PRODUCTS_DIR; };
		2E66FC9F190DFD0A00ECBBAD /* Cocoa.framework */ = {isa = PBXFileReference; lastKnownFileType = wrapper.framework; name = Cocoa.framework; path = Library/Frameworks/Cocoa.framework; sourceTree = DEVELOPER_DIR; };
		2E66FCA2190DFD0A00ECBBAD /* Foundation.framework */ = {isa = PBXFileReference; lastKnownFileType = wrapper.framework; name = Foundation.framework; path = Library/Frameworks/Foundation.framework; sourceTree = SDKROOT; };
		2E66FCA3190DFD0A00ECBBAD /* CoreData.framework */ = {isa = PBXFileReference; lastKnownFileType = wrapper.framework; name = CoreData.framework; path = Library/Frameworks/CoreData.framework; sourceTree = SDKROOT; };
		2E66FCA4190DFD0A00ECBBAD /* AppKit.framework */ = {isa = PBXFileReference; lastKnownFileType = wrapper.framework; name = AppKit.framework; path = Library/Frameworks/AppKit.framework; sourceTree = SDKROOT; };
		2E66FCA7190DFD0A00ECBBAD /* CGSubclassesX-Info.plist */ = {isa = PBXFileReference; lastKnownFileType = text.plist.xml; path = "CGSubclassesX-Info.plist"; sourceTree = "<group>"; };
		2E66FCA9190DFD0A00ECBBAD /* en */ = {isa = PBXFileReference; lastKnownFileType = text.plist.strings; name = en; path = en.lproj/InfoPlist.strings; sourceTree = "<group>"; };
		2E66FCAB190DFD0A00ECBBAD /* CGSubclassesX-Prefix.pch */ = {isa = PBXFileReference; lastKnownFileType = sourcecode.c.h; path = "CGSubclassesX-Prefix.pch"; sourceTree = "<group>"; };
		2E66FCAC190DFD0A00ECBBAD /* CGSubclassesX.h */ = {isa = PBXFileReference; lastKnownFileType = sourcecode.c.h; name = CGSubclassesX.h; path = CGSubclassesX/CGSubclassesX.h; sourceTree = SOURCE_ROOT; };
		2E66FCB3190DFD0A00ECBBAD /* CGSubclassesXTests.xctest */ = {isa = PBXFileReference; explicitFileType = wrapper.cfbundle; includeInIndex = 0; path = CGSubclassesXTests.xctest; sourceTree = BUILT_PRODUCTS_DIR; };
		2E66FCBB190DFD0A00ECBBAD /* CGSubclassesXTests-Info.plist */ = {isa = PBXFileReference; lastKnownFileType = text.plist.xml; path = "CGSubclassesXTests-Info.plist"; sourceTree = "<group>"; };
		2E66FCBD190DFD0A00ECBBAD /* en */ = {isa = PBXFileReference; lastKnownFileType = text.plist.strings; name = en; path = en.lproj/InfoPlist.strings; sourceTree = "<group>"; };
		2E66FCBF190DFD0A00ECBBAD /* CGSubclassesXTests.m */ = {isa = PBXFileReference; lastKnownFileType = sourcecode.c.objc; path = CGSubclassesXTests.m; sourceTree = "<group>"; };
		2EF5F281190DE465007D7291 /* NSMutableArray+GRID.h */ = {isa = PBXFileReference; fileEncoding = 4; lastKnownFileType = sourcecode.c.h; path = "NSMutableArray+GRID.h"; sourceTree = "<group>"; };
		2EF5F282190DE465007D7291 /* NSMutableArray+GRID.m */ = {isa = PBXFileReference; fileEncoding = 4; lastKnownFileType = sourcecode.c.objc; path = "NSMutableArray+GRID.m"; sourceTree = "<group>"; };
		2EFE2FB118E653C7003CBAFD /* libCGSubclasses.a */ = {isa = PBXFileReference; explicitFileType = archive.ar; includeInIndex = 0; path = libCGSubclasses.a; sourceTree = BUILT_PRODUCTS_DIR; };
		2EFE2FB418E653C7003CBAFD /* Foundation.framework */ = {isa = PBXFileReference; lastKnownFileType = wrapper.framework; name = Foundation.framework; path = System/Library/Frameworks/Foundation.framework; sourceTree = SDKROOT; };
		2EFE2FB818E653C7003CBAFD /* CGSubclasses-Prefix.pch */ = {isa = PBXFileReference; lastKnownFileType = sourcecode.c.h; path = "CGSubclasses-Prefix.pch"; sourceTree = "<group>"; };
		2EFE2FB918E653C7003CBAFD /* CGSubclasses.h */ = {isa = PBXFileReference; lastKnownFileType = sourcecode.c.h; path = CGSubclasses.h; sourceTree = "<group>"; };
		2EFE2FC118E653C7003CBAFD /* CGSubclassesTests.xctest */ = {isa = PBXFileReference; explicitFileType = wrapper.cfbundle; includeInIndex = 0; path = CGSubclassesTests.xctest; sourceTree = BUILT_PRODUCTS_DIR; };
		2EFE2FC218E653C7003CBAFD /* XCTest.framework */ = {isa = PBXFileReference; lastKnownFileType = wrapper.framework; name = XCTest.framework; path = Library/Frameworks/XCTest.framework; sourceTree = DEVELOPER_DIR; };
		2EFE2FCC18E653C7003CBAFD /* CGSubclassesTests-Info.plist */ = {isa = PBXFileReference; lastKnownFileType = text.plist.xml; path = "CGSubclassesTests-Info.plist"; sourceTree = "<group>"; };
		2EFE2FCE18E653C7003CBAFD /* en */ = {isa = PBXFileReference; lastKnownFileType = text.plist.strings; name = en; path = en.lproj/InfoPlist.strings; sourceTree = "<group>"; };
		2EFE2FD018E653C7003CBAFD /* CGSubclassesTests.m */ = {isa = PBXFileReference; lastKnownFileType = sourcecode.c.objc; path = CGSubclassesTests.m; sourceTree = "<group>"; };
		2EFE2FDA18E65428003CBAFD /* CGObject.h */ = {isa = PBXFileReference; fileEncoding = 4; lastKnownFileType = sourcecode.c.h; path = CGObject.h; sourceTree = "<group>"; };
		2EFE2FDB18E65428003CBAFD /* CGObject.m */ = {isa = PBXFileReference; fileEncoding = 4; lastKnownFileType = sourcecode.c.objc; path = CGObject.m; sourceTree = "<group>"; };
		2EFE2FDC18E65428003CBAFD /* CGViewController.h */ = {isa = PBXFileReference; fileEncoding = 4; lastKnownFileType = sourcecode.c.h; path = CGViewController.h; sourceTree = "<group>"; };
		2EFE2FDD18E65428003CBAFD /* CGViewController.m */ = {isa = PBXFileReference; fileEncoding = 4; lastKnownFileType = sourcecode.c.objc; path = CGViewController.m; sourceTree = "<group>"; };
		2EFE301918E65572003CBAFD /* libCGReachability.a */ = {isa = PBXFileReference; lastKnownFileType = archive.ar; name = libCGReachability.a; path = "../CGReachability/build/Debug-iphoneos/libCGReachability.a"; sourceTree = "<group>"; };
/* End PBXFileReference section */

/* Begin PBXFrameworksBuildPhase section */
		2E66FC9A190DFD0A00ECBBAD /* Frameworks */ = {
			isa = PBXFrameworksBuildPhase;
			buildActionMask = 2147483647;
			files = (
				2E66FCA0190DFD0A00ECBBAD /* Cocoa.framework in Frameworks */,
			);
			runOnlyForDeploymentPostprocessing = 0;
		};
		2E66FCB0190DFD0A00ECBBAD /* Frameworks */ = {
			isa = PBXFrameworksBuildPhase;
			buildActionMask = 2147483647;
			files = (
				2E66FCB8190DFD0A00ECBBAD /* CGSubclassesX.framework in Frameworks */,
				2E66FCB5190DFD0A00ECBBAD /* Cocoa.framework in Frameworks */,
				2E66FCB4190DFD0A00ECBBAD /* XCTest.framework in Frameworks */,
			);
			runOnlyForDeploymentPostprocessing = 0;
		};
		2EFE2FAE18E653C7003CBAFD /* Frameworks */ = {
			isa = PBXFrameworksBuildPhase;
			buildActionMask = 2147483647;
			files = (
				2E66FC98190DFBCA00ECBBAD /* UIKit.framework in Frameworks */,
				2EFE2FB518E653C7003CBAFD /* Foundation.framework in Frameworks */,
			);
			runOnlyForDeploymentPostprocessing = 0;
		};
		2EFE2FBE18E653C7003CBAFD /* Frameworks */ = {
			isa = PBXFrameworksBuildPhase;
			buildActionMask = 2147483647;
			files = (
				2EFE2FC318E653C7003CBAFD /* XCTest.framework in Frameworks */,
				2EFE2FC918E653C7003CBAFD /* libCGSubclasses.a in Frameworks */,
				2EFE2FC418E653C7003CBAFD /* Foundation.framework in Frameworks */,
			);
			runOnlyForDeploymentPostprocessing = 0;
		};
/* End PBXFrameworksBuildPhase section */

/* Begin PBXGroup section */
		2E66FCA1190DFD0A00ECBBAD /* Other Frameworks */ = {
			isa = PBXGroup;
			children = (
				2E66FCA2190DFD0A00ECBBAD /* Foundation.framework */,
				2E66FCA3190DFD0A00ECBBAD /* CoreData.framework */,
				2E66FCA4190DFD0A00ECBBAD /* AppKit.framework */,
			);
			name = "Other Frameworks";
			sourceTree = "<group>";
		};
		2E66FCA6190DFD0A00ECBBAD /* Supporting Files X */ = {
			isa = PBXGroup;
			children = (
				2E66FCA7190DFD0A00ECBBAD /* CGSubclassesX-Info.plist */,
				2E66FCA8190DFD0A00ECBBAD /* InfoPlist.strings */,
				2E66FCAB190DFD0A00ECBBAD /* CGSubclassesX-Prefix.pch */,
			);
			name = "Supporting Files X";
			path = CGSubclassesX;
			sourceTree = SOURCE_ROOT;
		};
		2E66FCB9190DFD0A00ECBBAD /* CGSubclassesXTests */ = {
			isa = PBXGroup;
			children = (
				2E66FCBF190DFD0A00ECBBAD /* CGSubclassesXTests.m */,
				2E66FCBA190DFD0A00ECBBAD /* Supporting Files */,
			);
			path = CGSubclassesXTests;
			sourceTree = "<group>";
		};
		2E66FCBA190DFD0A00ECBBAD /* Supporting Files */ = {
			isa = PBXGroup;
			children = (
				2E66FCBB190DFD0A00ECBBAD /* CGSubclassesXTests-Info.plist */,
				2E66FCBC190DFD0A00ECBBAD /* InfoPlist.strings */,
			);
			name = "Supporting Files";
			sourceTree = "<group>";
		};
		2EFE2FA818E653C7003CBAFD = {
			isa = PBXGroup;
			children = (
				2EFE2FB618E653C7003CBAFD /* CGSubclasses */,
				2EFE2FCA18E653C7003CBAFD /* CGSubclassesTests */,
				2E66FCB9190DFD0A00ECBBAD /* CGSubclassesXTests */,
				2EFE2FB318E653C7003CBAFD /* Frameworks */,
				2EFE2FB218E653C7003CBAFD /* Products */,
			);
			sourceTree = "<group>";
		};
		2EFE2FB218E653C7003CBAFD /* Products */ = {
			isa = PBXGroup;
			children = (
				2EFE2FB118E653C7003CBAFD /* libCGSubclasses.a */,
				2EFE2FC118E653C7003CBAFD /* CGSubclassesTests.xctest */,
				2E66FC9E190DFD0A00ECBBAD /* CGSubclassesX.framework */,
				2E66FCB3190DFD0A00ECBBAD /* CGSubclassesXTests.xctest */,
			);
			name = Products;
			sourceTree = "<group>";
		};
		2EFE2FB318E653C7003CBAFD /* Frameworks */ = {
			isa = PBXGroup;
			children = (
				2E66FC97190DFBCA00ECBBAD /* UIKit.framework */,
				2EFE301918E65572003CBAFD /* libCGReachability.a */,
				2EFE2FB418E653C7003CBAFD /* Foundation.framework */,
				2EFE2FC218E653C7003CBAFD /* XCTest.framework */,
				2E66FC9F190DFD0A00ECBBAD /* Cocoa.framework */,
				2E66FCA1190DFD0A00ECBBAD /* Other Frameworks */,
			);
			name = Frameworks;
			sourceTree = "<group>";
		};
		2EFE2FB618E653C7003CBAFD /* CGSubclasses */ = {
			isa = PBXGroup;
			children = (
				2EFE2FB918E653C7003CBAFD /* CGSubclasses.h */,
				2E66FCAC190DFD0A00ECBBAD /* CGSubclassesX.h */,
				2EFE2FDA18E65428003CBAFD /* CGObject.h */,
				2EFE2FDB18E65428003CBAFD /* CGObject.m */,
				2EFE2FDC18E65428003CBAFD /* CGViewController.h */,
				2EFE2FDD18E65428003CBAFD /* CGViewController.m */,
				2EF5F281190DE465007D7291 /* NSMutableArray+GRID.h */,
				2EF5F282190DE465007D7291 /* NSMutableArray+GRID.m */,
				2EFE2FB718E653C7003CBAFD /* Supporting Files */,
				2E66FCA6190DFD0A00ECBBAD /* Supporting Files X */,
			);
			path = CGSubclasses;
			sourceTree = "<group>";
		};
		2EFE2FB718E653C7003CBAFD /* Supporting Files */ = {
			isa = PBXGroup;
			children = (
				2EFE2FB818E653C7003CBAFD /* CGSubclasses-Prefix.pch */,
			);
			name = "Supporting Files";
			sourceTree = "<group>";
		};
		2EFE2FCA18E653C7003CBAFD /* CGSubclassesTests */ = {
			isa = PBXGroup;
			children = (
				2EFE2FD018E653C7003CBAFD /* CGSubclassesTests.m */,
				2EFE2FCB18E653C7003CBAFD /* Supporting Files */,
			);
			path = CGSubclassesTests;
			sourceTree = "<group>";
		};
		2EFE2FCB18E653C7003CBAFD /* Supporting Files */ = {
			isa = PBXGroup;
			children = (
				2EFE2FCC18E653C7003CBAFD /* CGSubclassesTests-Info.plist */,
				2EFE2FCD18E653C7003CBAFD /* InfoPlist.strings */,
			);
			name = "Supporting Files";
			sourceTree = "<group>";
		};
/* End PBXGroup section */

/* Begin PBXHeadersBuildPhase section */
		2E66FC9B190DFD0A00ECBBAD /* Headers */ = {
			isa = PBXHeadersBuildPhase;
			buildActionMask = 2147483647;
			files = (
				2E66FCC9190DFE3A00ECBBAD /* CGSubclassesX.h in Headers */,
			);
			runOnlyForDeploymentPostprocessing = 0;
		};
		2EF5F2C7190DFA7B007D7291 /* Headers */ = {
			isa = PBXHeadersBuildPhase;
			buildActionMask = 2147483647;
			files = (
				2EF5F2C8190DFA81007D7291 /* CGSubclasses.h in Headers */,
			);
			runOnlyForDeploymentPostprocessing = 0;
		};
/* End PBXHeadersBuildPhase section */

/* Begin PBXNativeTarget section */
		2E66FC9D190DFD0A00ECBBAD /* CGSubclassesX */ = {
			isa = PBXNativeTarget;
			buildConfigurationList = 2E66FCC1190DFD0A00ECBBAD /* Build configuration list for PBXNativeTarget "CGSubclassesX" */;
			buildPhases = (
				2E66FC99190DFD0A00ECBBAD /* Sources */,
				2E66FC9A190DFD0A00ECBBAD /* Frameworks */,
				2E66FC9B190DFD0A00ECBBAD /* Headers */,
				2E66FC9C190DFD0A00ECBBAD /* Resources */,
			);
			buildRules = (
			);
			dependencies = (
			);
			name = CGSubclassesX;
			productName = CGSubclassesX;
			productReference = 2E66FC9E190DFD0A00ECBBAD /* CGSubclassesX.framework */;
			productType = "com.apple.product-type.framework";
		};
		2E66FCB2190DFD0A00ECBBAD /* CGSubclassesXTests */ = {
			isa = PBXNativeTarget;
			buildConfigurationList = 2E66FCC4190DFD0A00ECBBAD /* Build configuration list for PBXNativeTarget "CGSubclassesXTests" */;
			buildPhases = (
				2E66FCAF190DFD0A00ECBBAD /* Sources */,
				2E66FCB0190DFD0A00ECBBAD /* Frameworks */,
				2E66FCB1190DFD0A00ECBBAD /* Resources */,
			);
			buildRules = (
			);
			dependencies = (
				2E66FCB7190DFD0A00ECBBAD /* PBXTargetDependency */,
			);
			name = CGSubclassesXTests;
			productName = CGSubclassesXTests;
			productReference = 2E66FCB3190DFD0A00ECBBAD /* CGSubclassesXTests.xctest */;
			productType = "com.apple.product-type.bundle.unit-test";
		};
		2EFE2FB018E653C7003CBAFD /* CGSubclasses */ = {
			isa = PBXNativeTarget;
			buildConfigurationList = 2EFE2FD418E653C7003CBAFD /* Build configuration list for PBXNativeTarget "CGSubclasses" */;
			buildPhases = (
				2EFE2FAD18E653C7003CBAFD /* Sources */,
				2EFE2FAE18E653C7003CBAFD /* Frameworks */,
				2EFE2FAF18E653C7003CBAFD /* CopyFiles */,
				2EF5F2C7190DFA7B007D7291 /* Headers */,
			);
			buildRules = (
			);
			dependencies = (
			);
			name = CGSubclasses;
			productName = CGSubclasses;
			productReference = 2EFE2FB118E653C7003CBAFD /* libCGSubclasses.a */;
			productType = "com.apple.product-type.library.static";
		};
		2EFE2FC018E653C7003CBAFD /* CGSubclassesTests */ = {
			isa = PBXNativeTarget;
			buildConfigurationList = 2EFE2FD718E653C7003CBAFD /* Build configuration list for PBXNativeTarget "CGSubclassesTests" */;
			buildPhases = (
				2EFE2FBD18E653C7003CBAFD /* Sources */,
				2EFE2FBE18E653C7003CBAFD /* Frameworks */,
				2EFE2FBF18E653C7003CBAFD /* Resources */,
			);
			buildRules = (
			);
			dependencies = (
				2EFE2FC818E653C7003CBAFD /* PBXTargetDependency */,
			);
			name = CGSubclassesTests;
			productName = CGSubclassesTests;
			productReference = 2EFE2FC118E653C7003CBAFD /* CGSubclassesTests.xctest */;
			productType = "com.apple.product-type.bundle.unit-test";
		};
/* End PBXNativeTarget section */

/* Begin PBXProject section */
		2EFE2FA918E653C7003CBAFD /* Project object */ = {
			isa = PBXProject;
			attributes = {
				LastUpgradeCheck = 0510;
				ORGANIZATIONNAME = "Revision Works, LLC";
				TargetAttributes = {
					2E66FCB2190DFD0A00ECBBAD = {
						TestTargetID = 2E66FC9D190DFD0A00ECBBAD;
					};
					2EFE2FC018E653C7003CBAFD = {
						TestTargetID = 2E66FC9D190DFD0A00ECBBAD;
					};
				};
			};
			buildConfigurationList = 2EFE2FAC18E653C7003CBAFD /* Build configuration list for PBXProject "CGSubclasses" */;
			compatibilityVersion = "Xcode 3.2";
			developmentRegion = English;
			hasScannedForEncodings = 0;
			knownRegions = (
				en,
			);
			mainGroup = 2EFE2FA818E653C7003CBAFD;
			productRefGroup = 2EFE2FB218E653C7003CBAFD /* Products */;
			projectDirPath = "";
			projectRoot = "";
			targets = (
				2EFE2FB018E653C7003CBAFD /* CGSubclasses */,
				2EFE2FC018E653C7003CBAFD /* CGSubclassesTests */,
				2E66FC9D190DFD0A00ECBBAD /* CGSubclassesX */,
				2E66FCB2190DFD0A00ECBBAD /* CGSubclassesXTests */,
			);
		};
/* End PBXProject section */

/* Begin PBXResourcesBuildPhase section */
		2E66FC9C190DFD0A00ECBBAD /* Resources */ = {
			isa = PBXResourcesBuildPhase;
			buildActionMask = 2147483647;
			files = (
				2E66FCAA190DFD0A00ECBBAD /* InfoPlist.strings in Resources */,
			);
			runOnlyForDeploymentPostprocessing = 0;
		};
		2E66FCB1190DFD0A00ECBBAD /* Resources */ = {
			isa = PBXResourcesBuildPhase;
			buildActionMask = 2147483647;
			files = (
				2E66FCBE190DFD0A00ECBBAD /* InfoPlist.strings in Resources */,
			);
			runOnlyForDeploymentPostprocessing = 0;
		};
		2EFE2FBF18E653C7003CBAFD /* Resources */ = {
			isa = PBXResourcesBuildPhase;
			buildActionMask = 2147483647;
			files = (
				2EFE2FCF18E653C7003CBAFD /* InfoPlist.strings in Resources */,
			);
			runOnlyForDeploymentPostprocessing = 0;
		};
/* End PBXResourcesBuildPhase section */

/* Begin PBXSourcesBuildPhase section */
		2E66FC99190DFD0A00ECBBAD /* Sources */ = {
			isa = PBXSourcesBuildPhase;
			buildActionMask = 2147483647;
			files = (
				2E66FCCA190E028200ECBBAD /* NSMutableArray+GRID.m in Sources */,
			);
			runOnlyForDeploymentPostprocessing = 0;
		};
		2E66FCAF190DFD0A00ECBBAD /* Sources */ = {
			isa = PBXSourcesBuildPhase;
			buildActionMask = 2147483647;
			files = (
				2E66FCC0190DFD0A00ECBBAD /* CGSubclassesXTests.m in Sources */,
			);
			runOnlyForDeploymentPostprocessing = 0;
		};
		2EFE2FAD18E653C7003CBAFD /* Sources */ = {
			isa = PBXSourcesBuildPhase;
			buildActionMask = 2147483647;
			files = (
				2EF5F283190DE465007D7291 /* NSMutableArray+GRID.m in Sources */,
				2EFE2FDF18E65428003CBAFD /* CGViewController.m in Sources */,
				2EFE2FDE18E65428003CBAFD /* CGObject.m in Sources */,
			);
			runOnlyForDeploymentPostprocessing = 0;
		};
		2EFE2FBD18E653C7003CBAFD /* Sources */ = {
			isa = PBXSourcesBuildPhase;
			buildActionMask = 2147483647;
			files = (
				2EFE2FD118E653C7003CBAFD /* CGSubclassesTests.m in Sources */,
			);
			runOnlyForDeploymentPostprocessing = 0;
		};
/* End PBXSourcesBuildPhase section */

/* Begin PBXTargetDependency section */
		2E66FCB7190DFD0A00ECBBAD /* PBXTargetDependency */ = {
			isa = PBXTargetDependency;
			target = 2E66FC9D190DFD0A00ECBBAD /* CGSubclassesX */;
			targetProxy = 2E66FCB6190DFD0A00ECBBAD /* PBXContainerItemProxy */;
		};
		2EFE2FC818E653C7003CBAFD /* PBXTargetDependency */ = {
			isa = PBXTargetDependency;
			target = 2EFE2FB018E653C7003CBAFD /* CGSubclasses */;
			targetProxy = 2EFE2FC718E653C7003CBAFD /* PBXContainerItemProxy */;
		};
/* End PBXTargetDependency section */

/* Begin PBXVariantGroup section */
		2E66FCA8190DFD0A00ECBBAD /* InfoPlist.strings */ = {
			isa = PBXVariantGroup;
			children = (
				2E66FCA9190DFD0A00ECBBAD /* en */,
			);
			name = InfoPlist.strings;
			sourceTree = "<group>";
		};
		2E66FCBC190DFD0A00ECBBAD /* InfoPlist.strings */ = {
			isa = PBXVariantGroup;
			children = (
				2E66FCBD190DFD0A00ECBBAD /* en */,
			);
			name = InfoPlist.strings;
			sourceTree = "<group>";
		};
		2EFE2FCD18E653C7003CBAFD /* InfoPlist.strings */ = {
			isa = PBXVariantGroup;
			children = (
				2EFE2FCE18E653C7003CBAFD /* en */,
			);
			name = InfoPlist.strings;
			sourceTree = "<group>";
		};
/* End PBXVariantGroup section */

/* Begin XCBuildConfiguration section */
		2E66FCC2190DFD0A00ECBBAD /* Debug */ = {
			isa = XCBuildConfiguration;
			buildSettings = {
				COMBINE_HIDPI_IMAGES = YES;
				DYLIB_COMPATIBILITY_VERSION = 1;
				DYLIB_CURRENT_VERSION = 1;
				FRAMEWORK_SEARCH_PATHS = (
					"$(inherited)",
					"$(DEVELOPER_FRAMEWORKS_DIR)",
				);
				FRAMEWORK_VERSION = A;
				GCC_ENABLE_OBJC_EXCEPTIONS = YES;
				GCC_PRECOMPILE_PREFIX_HEADER = YES;
				GCC_PREFIX_HEADER = "CGSubclassesX/CGSubclassesX-Prefix.pch";
				GCC_PREPROCESSOR_DEFINITIONS = (
					"DEBUG=1",
					"$(inherited)",
				);
				INFOPLIST_FILE = "CGSubclassesX/CGSubclassesX-Info.plist";
				INSTALL_PATH = /usr/local/lib;
				MACOSX_DEPLOYMENT_TARGET = 10.9;
				ONLY_ACTIVE_ARCH = NO;
				PRODUCT_NAME = "$(TARGET_NAME)";
				PUBLIC_HEADERS_FOLDER_PATH = "include/$(TARGET_NAME)";
				SDKROOT = macosx;
				WRAPPER_EXTENSION = framework;
			};
			name = Debug;
		};
		2E66FCC3190DFD0A00ECBBAD /* Release */ = {
			isa = XCBuildConfiguration;
			buildSettings = {
				COMBINE_HIDPI_IMAGES = YES;
				DEBUG_INFORMATION_FORMAT = "dwarf-with-dsym";
				DYLIB_COMPATIBILITY_VERSION = 1;
				DYLIB_CURRENT_VERSION = 1;
				FRAMEWORK_SEARCH_PATHS = (
					"$(inherited)",
					"$(DEVELOPER_FRAMEWORKS_DIR)",
				);
				FRAMEWORK_VERSION = A;
				GCC_ENABLE_OBJC_EXCEPTIONS = YES;
				GCC_PRECOMPILE_PREFIX_HEADER = YES;
				GCC_PREFIX_HEADER = "CGSubclassesX/CGSubclassesX-Prefix.pch";
				INFOPLIST_FILE = "CGSubclassesX/CGSubclassesX-Info.plist";
				INSTALL_PATH = /usr/local/lib;
				MACOSX_DEPLOYMENT_TARGET = 10.9;
				ONLY_ACTIVE_ARCH = NO;
				PRODUCT_NAME = "$(TARGET_NAME)";
				PUBLIC_HEADERS_FOLDER_PATH = "include/$(TARGET_NAME)";
				SDKROOT = macosx;
				WRAPPER_EXTENSION = framework;
			};
			name = Release;
		};
		2E66FCC5190DFD0A00ECBBAD /* Debug */ = {
			isa = XCBuildConfiguration;
			buildSettings = {
				BUNDLE_LOADER = "$(BUILT_PRODUCTS_DIR)/CGSubclassesX.framework/Versions/A/CGSubclassesX";
				COMBINE_HIDPI_IMAGES = YES;
				FRAMEWORK_SEARCH_PATHS = (
					"$(DEVELOPER_FRAMEWORKS_DIR)",
					"$(inherited)",
				);
				GCC_ENABLE_OBJC_EXCEPTIONS = YES;
				GCC_PRECOMPILE_PREFIX_HEADER = YES;
				GCC_PREFIX_HEADER = "CGSubclassesX/CGSubclassesX-Prefix.pch";
				GCC_PREPROCESSOR_DEFINITIONS = (
					"DEBUG=1",
					"$(inherited)",
				);
				INFOPLIST_FILE = "CGSubclassesXTests/CGSubclassesXTests-Info.plist";
				MACOSX_DEPLOYMENT_TARGET = 10.9;
				PRODUCT_NAME = "$(TARGET_NAME)";
				SDKROOT = macosx;
				TEST_HOST = "$(BUNDLE_LOADER)";
				WRAPPER_EXTENSION = xctest;
			};
			name = Debug;
		};
		2E66FCC6190DFD0A00ECBBAD /* Release */ = {
			isa = XCBuildConfiguration;
			buildSettings = {
				BUNDLE_LOADER = "$(BUILT_PRODUCTS_DIR)/CGSubclassesX.framework/Versions/A/CGSubclassesX";
				COMBINE_HIDPI_IMAGES = YES;
				DEBUG_INFORMATION_FORMAT = "dwarf-with-dsym";
				FRAMEWORK_SEARCH_PATHS = (
					"$(DEVELOPER_FRAMEWORKS_DIR)",
					"$(inherited)",
				);
				GCC_ENABLE_OBJC_EXCEPTIONS = YES;
				GCC_PRECOMPILE_PREFIX_HEADER = YES;
				GCC_PREFIX_HEADER = "CGSubclassesX/CGSubclassesX-Prefix.pch";
				INFOPLIST_FILE = "CGSubclassesXTests/CGSubclassesXTests-Info.plist";
				MACOSX_DEPLOYMENT_TARGET = 10.9;
				PRODUCT_NAME = "$(TARGET_NAME)";
				SDKROOT = macosx;
				TEST_HOST = "$(BUNDLE_LOADER)";
				WRAPPER_EXTENSION = xctest;
			};
			name = Release;
		};
		2EFE2FD218E653C7003CBAFD /* Debug */ = {
			isa = XCBuildConfiguration;
			buildSettings = {
				ALWAYS_SEARCH_USER_PATHS = NO;
				CLANG_CXX_LANGUAGE_STANDARD = "gnu++0x";
				CLANG_CXX_LIBRARY = "libc++";
				CLANG_ENABLE_MODULES = YES;
				CLANG_ENABLE_OBJC_ARC = YES;
				CLANG_WARN_BOOL_CONVERSION = YES;
				CLANG_WARN_CONSTANT_CONVERSION = YES;
				CLANG_WARN_DIRECT_OBJC_ISA_USAGE = YES_ERROR;
				CLANG_WARN_EMPTY_BODY = YES;
				CLANG_WARN_ENUM_CONVERSION = YES;
				CLANG_WARN_INT_CONVERSION = YES;
				CLANG_WARN_OBJC_ROOT_CLASS = YES_ERROR;
				CLANG_WARN__DUPLICATE_METHOD_MATCH = YES;
				COPY_PHASE_STRIP = NO;
				GCC_C_LANGUAGE_STANDARD = gnu99;
				GCC_DYNAMIC_NO_PIC = NO;
				GCC_OPTIMIZATION_LEVEL = 0;
				GCC_PREPROCESSOR_DEFINITIONS = (
					"DEBUG=1",
					"$(inherited)",
				);
				GCC_SYMBOLS_PRIVATE_EXTERN = NO;
				GCC_WARN_64_TO_32_BIT_CONVERSION = YES;
				GCC_WARN_ABOUT_RETURN_TYPE = YES_ERROR;
				GCC_WARN_UNDECLARED_SELECTOR = YES;
				GCC_WARN_UNINITIALIZED_AUTOS = YES_AGGRESSIVE;
				GCC_WARN_UNUSED_FUNCTION = YES;
				GCC_WARN_UNUSED_VARIABLE = YES;
				IPHONEOS_DEPLOYMENT_TARGET = 7.1;
				ONLY_ACTIVE_ARCH = YES;
				SDKROOT = iphoneos;
			};
			name = Debug;
		};
		2EFE2FD318E653C7003CBAFD /* Release */ = {
			isa = XCBuildConfiguration;
			buildSettings = {
				ALWAYS_SEARCH_USER_PATHS = NO;
				CLANG_CXX_LANGUAGE_STANDARD = "gnu++0x";
				CLANG_CXX_LIBRARY = "libc++";
				CLANG_ENABLE_MODULES = YES;
				CLANG_ENABLE_OBJC_ARC = YES;
				CLANG_WARN_BOOL_CONVERSION = YES;
				CLANG_WARN_CONSTANT_CONVERSION = YES;
				CLANG_WARN_DIRECT_OBJC_ISA_USAGE = YES_ERROR;
				CLANG_WARN_EMPTY_BODY = YES;
				CLANG_WARN_ENUM_CONVERSION = YES;
				CLANG_WARN_INT_CONVERSION = YES;
				CLANG_WARN_OBJC_ROOT_CLASS = YES_ERROR;
				CLANG_WARN__DUPLICATE_METHOD_MATCH = YES;
				COPY_PHASE_STRIP = YES;
				ENABLE_NS_ASSERTIONS = NO;
				GCC_C_LANGUAGE_STANDARD = gnu99;
				GCC_WARN_64_TO_32_BIT_CONVERSION = YES;
				GCC_WARN_ABOUT_RETURN_TYPE = YES_ERROR;
				GCC_WARN_UNDECLARED_SELECTOR = YES;
				GCC_WARN_UNINITIALIZED_AUTOS = YES_AGGRESSIVE;
				GCC_WARN_UNUSED_FUNCTION = YES;
				GCC_WARN_UNUSED_VARIABLE = YES;
				IPHONEOS_DEPLOYMENT_TARGET = 7.1;
				SDKROOT = iphoneos;
				VALIDATE_PRODUCT = YES;
			};
			name = Release;
		};
		2EFE2FD518E653C7003CBAFD /* Debug */ = {
			isa = XCBuildConfiguration;
			buildSettings = {
				DSTROOT = /tmp/CGSubclasses.dst;
				GCC_PRECOMPILE_PREFIX_HEADER = YES;
				GCC_PREFIX_HEADER = "CGSubclasses/CGSubclasses-Prefix.pch";
				HEADER_SEARCH_PATHS = (
					"$(inherited)",
					/Applications/Xcode.app/Contents/Developer/Toolchains/XcodeDefault.xctoolchain/usr/include,
					"../**",
				);
				LIBRARY_SEARCH_PATHS = (
					"$(inherited)",
					"/Users/nbvikingsidiot001/Desktop/SourceApps/CGApplicationLibrary/CGReachability/build/Debug-iphoneos",
				);
				OTHER_LDFLAGS = "-ObjC";
				PRODUCT_NAME = "$(TARGET_NAME)";
				PUBLIC_HEADERS_FOLDER_PATH = "include/$(TARGET_NAME)";
				SKIP_INSTALL = YES;
			};
			name = Debug;
		};
		2EFE2FD618E653C7003CBAFD /* Release */ = {
			isa = XCBuildConfiguration;
			buildSettings = {
				DSTROOT = /tmp/CGSubclasses.dst;
				GCC_PRECOMPILE_PREFIX_HEADER = YES;
				GCC_PREFIX_HEADER = "CGSubclasses/CGSubclasses-Prefix.pch";
				HEADER_SEARCH_PATHS = (
					"$(inherited)",
					/Applications/Xcode.app/Contents/Developer/Toolchains/XcodeDefault.xctoolchain/usr/include,
					"../**",
				);
				LIBRARY_SEARCH_PATHS = (
					"$(inherited)",
					"/Users/nbvikingsidiot001/Desktop/SourceApps/CGApplicationLibrary/CGReachability/build/Debug-iphoneos",
				);
				OTHER_LDFLAGS = "-ObjC";
				PRODUCT_NAME = "$(TARGET_NAME)";
				PUBLIC_HEADERS_FOLDER_PATH = "include/$(TARGET_NAME)";
				SKIP_INSTALL = YES;
			};
			name = Release;
		};
		2EFE2FD818E653C7003CBAFD /* Debug */ = {
			isa = XCBuildConfiguration;
			buildSettings = {
				BUNDLE_LOADER = "$(BUILT_PRODUCTS_DIR)/CGSubclassesX.framework/Versions/A/CGSubclassesX";
				FRAMEWORK_SEARCH_PATHS = (
					"$(SDKROOT)/Developer/Library/Frameworks",
					"$(inherited)",
					"$(DEVELOPER_FRAMEWORKS_DIR)",
				);
				GCC_PRECOMPILE_PREFIX_HEADER = YES;
				GCC_PREFIX_HEADER = "CGSubclasses/CGSubclasses-Prefix.pch";
				GCC_PREPROCESSOR_DEFINITIONS = (
					"DEBUG=1",
					"$(inherited)",
				);
				INFOPLIST_FILE = "CGSubclassesTests/CGSubclassesTests-Info.plist";
				PRODUCT_NAME = "$(TARGET_NAME)";
				TEST_HOST = "$(BUNDLE_LOADER)";
				WRAPPER_EXTENSION = xctest;
			};
			name = Debug;
		};
		2EFE2FD918E653C7003CBAFD /* Release */ = {
			isa = XCBuildConfiguration;
			buildSettings = {
				BUNDLE_LOADER = "$(BUILT_PRODUCTS_DIR)/CGSubclassesX.framework/Versions/A/CGSubclassesX";
				FRAMEWORK_SEARCH_PATHS = (
					"$(SDKROOT)/Developer/Library/Frameworks",
					"$(inherited)",
					"$(DEVELOPER_FRAMEWORKS_DIR)",
				);
				GCC_PRECOMPILE_PREFIX_HEADER = YES;
				GCC_PREFIX_HEADER = "CGSubclasses/CGSubclasses-Prefix.pch";
				INFOPLIST_FILE = "CGSubclassesTests/CGSubclassesTests-Info.plist";
				PRODUCT_NAME = "$(TARGET_NAME)";
				TEST_HOST = "$(BUNDLE_LOADER)";
				WRAPPER_EXTENSION = xctest;
			};
			name = Release;
		};
/* End XCBuildConfiguration section */

/* Begin XCConfigurationList section */
		2E66FCC1190DFD0A00ECBBAD /* Build configuration list for PBXNativeTarget "CGSubclassesX" */ = {
			isa = XCConfigurationList;
			buildConfigurations = (
				2E66FCC2190DFD0A00ECBBAD /* Debug */,
				2E66FCC3190DFD0A00ECBBAD /* Release */,
			);
			defaultConfigurationIsVisible = 0;
			defaultConfigurationName = Release;
		};
		2E66FCC4190DFD0A00ECBBAD /* Build configuration list for PBXNativeTarget "CGSubclassesXTests" */ = {
			isa = XCConfigurationList;
			buildConfigurations = (
				2E66FCC5190DFD0A00ECBBAD /* Debug */,
				2E66FCC6190DFD0A00ECBBAD /* Release */,
			);
			defaultConfigurationIsVisible = 0;
			defaultConfigurationName = Release;
		};
		2EFE2FAC18E653C7003CBAFD /* Build configuration list for PBXProject "CGSubclasses" */ = {
			isa = XCConfigurationList;
			buildConfigurations = (
				2EFE2FD218E653C7003CBAFD /* Debug */,
				2EFE2FD318E653C7003CBAFD /* Release */,
			);
			defaultConfigurationIsVisible = 0;
			defaultConfigurationName = Release;
		};
		2EFE2FD418E653C7003CBAFD /* Build configuration list for PBXNativeTarget "CGSubclasses" */ = {
			isa = XCConfigurationList;
			buildConfigurations = (
				2EFE2FD518E653C7003CBAFD /* Debug */,
				2EFE2FD618E653C7003CBAFD /* Release */,
			);
			defaultConfigurationIsVisible = 0;
			defaultConfigurationName = Release;
		};
		2EFE2FD718E653C7003CBAFD /* Build configuration list for PBXNativeTarget "CGSubclassesTests" */ = {
			isa = XCConfigurationList;
			buildConfigurations = (
				2EFE2FD818E653C7003CBAFD /* Debug */,
				2EFE2FD918E653C7003CBAFD /* Release */,
			);
			defaultConfigurationIsVisible = 0;
			defaultConfigurationName = Release;
		};
/* End XCConfigurationList section */
	};
	rootObject = 2EFE2FA918E653C7003CBAFD /* Project object */;
}
